
Microsoft Visual Studio Solution File, Format Version 12.00
# Visual Studio Version 17
VisualStudioVersion = 17.5.33502.453
MinimumVisualStudioVersion = 10.0.40219.1
Project("{888888A0-9F3D-457C-B088-3A5042F75D52}") = "Flowers Exercise 2 with Aggregation + Composition", "Flowers Exercise 2 with Aggregation + Composition\Flowers Exercise 2 with Aggregation + Composition.pyproj", "{B4D60A1F-BACA-4272-88EE-1D067D24D70D}"
EndProject
Global
	GlobalSection(SolutionConfigurationPlatforms) = preSolution
		Debug|Any CPU = Debug|Any CPU
		Release|Any CPU = Release|Any CPU
	EndGlobalSection
	GlobalSection(ProjectConfigurationPlatforms) = postSolution
		{B4D60A1F-BACA-4272-88EE-1D067D24D70D}.Debug|Any CPU.ActiveCfg = Debug|Any CPU
		{B4D60A1F-BACA-4272-88EE-1D067D24D70D}.Release|Any CPU.ActiveCfg = Release|Any CPU
	EndGlobalSection
	GlobalSection(SolutionProperties) = preSolution
		HideSolutionNode = FALSE
	EndGlobalSection
	GlobalSection(ExtensibilityGlobals) = postSolution
		SolutionGuid = {8F86E2B0-74CF-46A1-9740-991FA683C6DD}
	EndGlobalSection
EndGlobal
